
Microsoft Visual Studio Solution File, Format Version 10.00
# Visual C# Express 2008
Project("{FAE04EC0-301F-11D3-BF4B-00C04F79EFBC}") = "BlackboardApi", "BlackboardApi\BlackboardApi.csproj", "{C8BF79AA-DC53-4A63-8D9A-5F5EB0EE536B}"
EndProject
Project("{FAE04EC0-301F-11D3-BF4B-00C04F79EFBC}") = "Blackboard", "Blackboard\Blackboard.csproj", "{9023BCCF-C92A-4465-AC34-2BBD32AFC4FD}"
EndProject
Project("{FAE04EC0-301F-11D3-BF4B-00C04F79EFBC}") = "ConfigUtil", "ConfigUtil\ConfigUtil.csproj", "{5C700129-F72C-4A51-B64A-CF2210B60612}"
	ProjectSection(ProjectDependencies) = postProject
		{C8BF79AA-DC53-4A63-8D9A-5F5EB0EE536B} = {C8BF79AA-DC53-4A63-8D9A-5F5EB0EE536B}
	EndProjectSection
EndProject
Project("{FAE04EC0-301F-11D3-BF4B-00C04F79EFBC}") = "PerformanceTester", "PerformanceTester\PerformanceTester.csproj", "{F5AE33A7-18BD-4ED0-A216-EFFEB375FFFC}"
EndProject
Project("{FAE04EC0-301F-11D3-BF4B-00C04F79EFBC}") = "BlackboardSatellite", "BlackboardSatellite\BlackboardSatellite.csproj", "{4731ACD8-BCC9-4475-8E53-3930AFC6B415}"
EndProject
Project("{FAE04EC0-301F-11D3-BF4B-00C04F79EFBC}") = "BlackboardEngine", "BlackboardEngine\BlackboardEngine.csproj", "{0CA0E010-29CB-4160-811D-4554BA479669}"
EndProject
Project("{FAE04EC0-301F-11D3-BF4B-00C04F79EFBC}") = "PluginExample", "PluginExample\PluginExample.csproj", "{34E51DF0-7D73-44EF-B66F-74FC30BE40C8}"
EndProject
Project("{FAE04EC0-301F-11D3-BF4B-00C04F79EFBC}") = "Raspboard", "Raspboard\Raspboard.csproj", "{B3BC973D-2217-48CB-9B3A-5D12AAAC2465}"
EndProject
Global
	GlobalSection(SolutionConfigurationPlatforms) = preSolution
		Debug|Any CPU = Debug|Any CPU
		Release|Any CPU = Release|Any CPU
	EndGlobalSection
	GlobalSection(ProjectConfigurationPlatforms) = postSolution
		{C8BF79AA-DC53-4A63-8D9A-5F5EB0EE536B}.Debug|Any CPU.ActiveCfg = Debug|Any CPU
		{C8BF79AA-DC53-4A63-8D9A-5F5EB0EE536B}.Debug|Any CPU.Build.0 = Debug|Any CPU
		{C8BF79AA-DC53-4A63-8D9A-5F5EB0EE536B}.Release|Any CPU.ActiveCfg = Release|Any CPU
		{C8BF79AA-DC53-4A63-8D9A-5F5EB0EE536B}.Release|Any CPU.Build.0 = Release|Any CPU
		{9023BCCF-C92A-4465-AC34-2BBD32AFC4FD}.Debug|Any CPU.ActiveCfg = Debug|Any CPU
		{9023BCCF-C92A-4465-AC34-2BBD32AFC4FD}.Debug|Any CPU.Build.0 = Debug|Any CPU
		{9023BCCF-C92A-4465-AC34-2BBD32AFC4FD}.Release|Any CPU.ActiveCfg = Release|Any CPU
		{9023BCCF-C92A-4465-AC34-2BBD32AFC4FD}.Release|Any CPU.Build.0 = Release|Any CPU
		{5C700129-F72C-4A51-B64A-CF2210B60612}.Debug|Any CPU.ActiveCfg = Debug|Any CPU
		{5C700129-F72C-4A51-B64A-CF2210B60612}.Debug|Any CPU.Build.0 = Debug|Any CPU
		{5C700129-F72C-4A51-B64A-CF2210B60612}.Release|Any CPU.ActiveCfg = Release|Any CPU
		{5C700129-F72C-4A51-B64A-CF2210B60612}.Release|Any CPU.Build.0 = Release|Any CPU
		{F5AE33A7-18BD-4ED0-A216-EFFEB375FFFC}.Debug|Any CPU.ActiveCfg = Debug|Any CPU
		{F5AE33A7-18BD-4ED0-A216-EFFEB375FFFC}.Debug|Any CPU.Build.0 = Debug|Any CPU
		{F5AE33A7-18BD-4ED0-A216-EFFEB375FFFC}.Release|Any CPU.ActiveCfg = Release|Any CPU
		{F5AE33A7-18BD-4ED0-A216-EFFEB375FFFC}.Release|Any CPU.Build.0 = Release|Any CPU
		{4731ACD8-BCC9-4475-8E53-3930AFC6B415}.Debug|Any CPU.ActiveCfg = Debug|Any CPU
		{4731ACD8-BCC9-4475-8E53-3930AFC6B415}.Debug|Any CPU.Build.0 = Debug|Any CPU
		{4731ACD8-BCC9-4475-8E53-3930AFC6B415}.Release|Any CPU.ActiveCfg = Release|Any CPU
		{4731ACD8-BCC9-4475-8E53-3930AFC6B415}.Release|Any CPU.Build.0 = Release|Any CPU
		{0CA0E010-29CB-4160-811D-4554BA479669}.Debug|Any CPU.ActiveCfg = Debug|Any CPU
		{0CA0E010-29CB-4160-811D-4554BA479669}.Debug|Any CPU.Build.0 = Debug|Any CPU
		{0CA0E010-29CB-4160-811D-4554BA479669}.Release|Any CPU.ActiveCfg = Release|Any CPU
		{0CA0E010-29CB-4160-811D-4554BA479669}.Release|Any CPU.Build.0 = Release|Any CPU
		{34E51DF0-7D73-44EF-B66F-74FC30BE40C8}.Debug|Any CPU.ActiveCfg = Debug|Any CPU
		{34E51DF0-7D73-44EF-B66F-74FC30BE40C8}.Debug|Any CPU.Build.0 = Debug|Any CPU
		{34E51DF0-7D73-44EF-B66F-74FC30BE40C8}.Release|Any CPU.ActiveCfg = Release|Any CPU
		{34E51DF0-7D73-44EF-B66F-74FC30BE40C8}.Release|Any CPU.Build.0 = Release|Any CPU
		{B3BC973D-2217-48CB-9B3A-5D12AAAC2465}.Debug|Any CPU.ActiveCfg = Debug|Any CPU
		{B3BC973D-2217-48CB-9B3A-5D12AAAC2465}.Debug|Any CPU.Build.0 = Debug|Any CPU
		{B3BC973D-2217-48CB-9B3A-5D12AAAC2465}.Release|Any CPU.ActiveCfg = Release|Any CPU
		{B3BC973D-2217-48CB-9B3A-5D12AAAC2465}.Release|Any CPU.Build.0 = Release|Any CPU
	EndGlobalSection
	GlobalSection(SolutionProperties) = preSolution
		HideSolutionNode = FALSE
	EndGlobalSection
EndGlobal
